
Microsoft Visual Studio Solution File, Format Version 12.00
# Visual Studio Version 17
VisualStudioVersion = 17.7.34202.233
MinimumVisualStudioVersion = 10.0.40219.1
Project("{9A19103F-16F7-4668-BE54-9A1E7A4F7556}") = "AdvancedCSharpHW", "AdvancedCSharpHW.csproj", "{21AF8A6A-C0CF-47D6-B676-04FA9D0D54ED}"
EndProject
Project("{FAE04EC0-301F-11D3-BF4B-00C04F79EFBC}") = "AdvancedCSharpHW.Tests", "..\AdvancedCSharpHW.Tests\AdvancedCSharpHW.Tests.csproj", "{9D145215-8795-43CC-BFE3-18D5DE7AD9B4}"
EndProject
Global
	GlobalSection(SolutionConfigurationPlatforms) = preSolution
		Debug|Any CPU = Debug|Any CPU
		Release|Any CPU = Release|Any CPU
	EndGlobalSection
	GlobalSection(ProjectConfigurationPlatforms) = postSolution
		{21AF8A6A-C0CF-47D6-B676-04FA9D0D54ED}.Debug|Any CPU.ActiveCfg = Debug|Any CPU
		{21AF8A6A-C0CF-47D6-B676-04FA9D0D54ED}.Debug|Any CPU.Build.0 = Debug|Any CPU
		{21AF8A6A-C0CF-47D6-B676-04FA9D0D54ED}.Release|Any CPU.ActiveCfg = Release|Any CPU
		{21AF8A6A-C0CF-47D6-B676-04FA9D0D54ED}.Release|Any CPU.Build.0 = Release|Any CPU
		{9D145215-8795-43CC-BFE3-18D5DE7AD9B4}.Debug|Any CPU.ActiveCfg = Debug|Any CPU
		{9D145215-8795-43CC-BFE3-18D5DE7AD9B4}.Debug|Any CPU.Build.0 = Debug|Any CPU
		{9D145215-8795-43CC-BFE3-18D5DE7AD9B4}.Release|Any CPU.ActiveCfg = Release|Any CPU
		{9D145215-8795-43CC-BFE3-18D5DE7AD9B4}.Release|Any CPU.Build.0 = Release|Any CPU
	EndGlobalSection
	GlobalSection(SolutionProperties) = preSolution
		HideSolutionNode = FALSE
	EndGlobalSection
	GlobalSection(ExtensibilityGlobals) = postSolution
		SolutionGuid = {991AB93E-2D2E-4935-9BAC-56836C5A5B1D}
	EndGlobalSection
EndGlobal
